// !$*UTF8*$!
{
	archiveVersion = 1;
	classes = {
	};
	objectVersion = 46;
	objects = {

/* Begin PBXBuildFile section */
		2D199216414AF50F5810A678 /* Pods_RememberLogos.framework in Frameworks */ = {isa = PBXBuildFile; fileRef = DB145F6C3874F76FAF304FED /* Pods_RememberLogos.framework */; };
		5A0362601E5D250600FBB3D3 /* endCourse.wav in Resources */ = {isa = PBXBuildFile; fileRef = 5A03625F1E5D250600FBB3D3 /* endCourse.wav */; };
		5A0362621E5D280200FBB3D3 /* result.wav in Resources */ = {isa = PBXBuildFile; fileRef = 5A0362611E5D280200FBB3D3 /* result.wav */; };
		5A0362661E5D28A200FBB3D3 /* noResult.wav in Resources */ = {isa = PBXBuildFile; fileRef = 5A0362651E5D28A200FBB3D3 /* noResult.wav */; };
		5A4329C51E5DA0B700A849FE /* RecitationResult.swift in Sources */ = {isa = PBXBuildFile; fileRef = 5A4329C41E5DA0B700A849FE /* RecitationResult.swift */; };
		5A4329C71E5DA29200A849FE /* MessageResult.swift in Sources */ = {isa = PBXBuildFile; fileRef = 5A4329C61E5DA29200A849FE /* MessageResult.swift */; };
		5A4329C91E5DA6A800A849FE /* CourseResult.swift in Sources */ = {isa = PBXBuildFile; fileRef = 5A4329C81E5DA6A800A849FE /* CourseResult.swift */; };
		5A4329CD1E5DABB900A849FE /* ResultDataController.swift in Sources */ = {isa = PBXBuildFile; fileRef = 5A4329CC1E5DABB900A849FE /* ResultDataController.swift */; };
		5A9364831E5454DC007D8AC4 /* CourseVC.swift in Sources */ = {isa = PBXBuildFile; fileRef = 5A9364821E5454DC007D8AC4 /* CourseVC.swift */; };
		5A9364851E54555E007D8AC4 /* Course.swift in Sources */ = {isa = PBXBuildFile; fileRef = 5A9364841E54555E007D8AC4 /* Course.swift */; };
		5AE622FD1E5416F2002C9E13 /* AppDelegate.swift in Sources */ = {isa = PBXBuildFile; fileRef = 5AE622FC1E5416F2002C9E13 /* AppDelegate.swift */; };
		5AE623021E5416F2002C9E13 /* Main.storyboard in Resources */ = {isa = PBXBuildFile; fileRef = 5AE623001E5416F2002C9E13 /* Main.storyboard */; };
		5AE623041E5416F2002C9E13 /* Assets.xcassets in Resources */ = {isa = PBXBuildFile; fileRef = 5AE623031E5416F2002C9E13 /* Assets.xcassets */; };
		5AE623071E5416F2002C9E13 /* LaunchScreen.storyboard in Resources */ = {isa = PBXBuildFile; fileRef = 5AE623051E5416F2002C9E13 /* LaunchScreen.storyboard */; };
		5AE6230F1E541902002C9E13 /* NaverSpeech.framework in Frameworks */ = {isa = PBXBuildFile; fileRef = 5AE6230E1E541902002C9E13 /* NaverSpeech.framework */; };
		5AE623101E541902002C9E13 /* NaverSpeech.framework in Embed Frameworks */ = {isa = PBXBuildFile; fileRef = 5AE6230E1E541902002C9E13 /* NaverSpeech.framework */; settings = {ATTRIBUTES = (CodeSignOnCopy, RemoveHeadersOnCopy, ); }; };
		5AE623161E542AA0002C9E13 /* Message.swift in Sources */ = {isa = PBXBuildFile; fileRef = 5AE623151E542AA0002C9E13 /* Message.swift */; };
		5AE623181E542AC9002C9E13 /* MessageCell.swift in Sources */ = {isa = PBXBuildFile; fileRef = 5AE623171E542AC9002C9E13 /* MessageCell.swift */; };
		5AE6231A1E542B5B002C9E13 /* RecitationVC.swift in Sources */ = {isa = PBXBuildFile; fileRef = 5AE623191E542B5B002C9E13 /* RecitationVC.swift */; };
		5AE6231C1E542BD3002C9E13 /* Constants.swift in Sources */ = {isa = PBXBuildFile; fileRef = 5AE6231B1E542BD3002C9E13 /* Constants.swift */; };
		5AE727FE1E605A8E00F78A20 /* CourseCell.swift in Sources */ = {isa = PBXBuildFile; fileRef = 5AE727FD1E605A8E00F78A20 /* CourseCell.swift */; };
		5AEA66C01E5C2C9F00F0F863 /* startRecitation.wav in Resources */ = {isa = PBXBuildFile; fileRef = 5AEA66BE1E5C2C9F00F0F863 /* startRecitation.wav */; };
		5AEA66C11E5C2C9F00F0F863 /* endRecitation.wav in Resources */ = {isa = PBXBuildFile; fileRef = 5AEA66BF1E5C2C9F00F0F863 /* endRecitation.wav */; };
		5AEAC5051E56BD320020BD52 /* courses.plist in Resources */ = {isa = PBXBuildFile; fileRef = 5AEAC5041E56BD320020BD52 /* courses.plist */; };
		5AF57B381E5B4ADA002D1BE9 /* light.jpg in Resources */ = {isa = PBXBuildFile; fileRef = 5AF57B371E5B4ADA002D1BE9 /* light.jpg */; };
		5AF7144C1E6010E0001F6D12 /* ContentDataController.swift in Sources */ = {isa = PBXBuildFile; fileRef = 5AF7144B1E6010E0001F6D12 /* ContentDataController.swift */; };
/* End PBXBuildFile section */

/* Begin PBXCopyFilesBuildPhase section */
		5AE623111E541902002C9E13 /* Embed Frameworks */ = {
			isa = PBXCopyFilesBuildPhase;
			buildActionMask = 2147483647;
			dstPath = "";
			dstSubfolderSpec = 10;
			files = (
				5AE623101E541902002C9E13 /* NaverSpeech.framework in Embed Frameworks */,
			);
			name = "Embed Frameworks";
			runOnlyForDeploymentPostprocessing = 0;
		};
/* End PBXCopyFilesBuildPhase section */

/* Begin PBXFileReference section */
		5A03625F1E5D250600FBB3D3 /* endCourse.wav */ = {isa = PBXFileReference; lastKnownFileType = audio.wav; path = endCourse.wav; sourceTree = "<group>"; };
		5A0362611E5D280200FBB3D3 /* result.wav */ = {isa = PBXFileReference; lastKnownFileType = audio.wav; path = result.wav; sourceTree = "<group>"; };
		5A0362651E5D28A200FBB3D3 /* noResult.wav */ = {isa = PBXFileReference; lastKnownFileType = audio.wav; path = noResult.wav; sourceTree = "<group>"; };
		5A4329C41E5DA0B700A849FE /* RecitationResult.swift */ = {isa = PBXFileReference; fileEncoding = 4; lastKnownFileType = sourcecode.swift; path = RecitationResult.swift; sourceTree = "<group>"; };
		5A4329C61E5DA29200A849FE /* MessageResult.swift */ = {isa = PBXFileReference; fileEncoding = 4; lastKnownFileType = sourcecode.swift; path = MessageResult.swift; sourceTree = "<group>"; };
		5A4329C81E5DA6A800A849FE /* CourseResult.swift */ = {isa = PBXFileReference; fileEncoding = 4; lastKnownFileType = sourcecode.swift; path = CourseResult.swift; sourceTree = "<group>"; };
		5A4329CC1E5DABB900A849FE /* ResultDataController.swift */ = {isa = PBXFileReference; fileEncoding = 4; lastKnownFileType = sourcecode.swift; path = ResultDataController.swift; sourceTree = "<group>"; };
		5A9364821E5454DC007D8AC4 /* CourseVC.swift */ = {isa = PBXFileReference; fileEncoding = 4; lastKnownFileType = sourcecode.swift; path = CourseVC.swift; sourceTree = "<group>"; };
		5A9364841E54555E007D8AC4 /* Course.swift */ = {isa = PBXFileReference; fileEncoding = 4; lastKnownFileType = sourcecode.swift; path = Course.swift; sourceTree = "<group>"; };
		5AE622F91E5416F2002C9E13 /* RememberLogos.app */ = {isa = PBXFileReference; explicitFileType = wrapper.application; includeInIndex = 0; path = RememberLogos.app; sourceTree = BUILT_PRODUCTS_DIR; };
		5AE622FC1E5416F2002C9E13 /* AppDelegate.swift */ = {isa = PBXFileReference; lastKnownFileType = sourcecode.swift; path = AppDelegate.swift; sourceTree = "<group>"; };
		5AE623011E5416F2002C9E13 /* Base */ = {isa = PBXFileReference; lastKnownFileType = file.storyboard; name = Base; path = Base.lproj/Main.storyboard; sourceTree = "<group>"; };
		5AE623031E5416F2002C9E13 /* Assets.xcassets */ = {isa = PBXFileReference; lastKnownFileType = folder.assetcatalog; path = Assets.xcassets; sourceTree = "<group>"; };
		5AE623061E5416F2002C9E13 /* Base */ = {isa = PBXFileReference; lastKnownFileType = file.storyboard; name = Base; path = Base.lproj/LaunchScreen.storyboard; sourceTree = "<group>"; };
		5AE623081E5416F2002C9E13 /* Info.plist */ = {isa = PBXFileReference; lastKnownFileType = text.plist.xml; path = Info.plist; sourceTree = "<group>"; };
		5AE6230E1E541902002C9E13 /* NaverSpeech.framework */ = {isa = PBXFileReference; lastKnownFileType = wrapper.framework; path = NaverSpeech.framework; sourceTree = "<group>"; };
		5AE623151E542AA0002C9E13 /* Message.swift */ = {isa = PBXFileReference; fileEncoding = 4; lastKnownFileType = sourcecode.swift; path = Message.swift; sourceTree = "<group>"; };
		5AE623171E542AC9002C9E13 /* MessageCell.swift */ = {isa = PBXFileReference; fileEncoding = 4; lastKnownFileType = sourcecode.swift; path = MessageCell.swift; sourceTree = "<group>"; };
		5AE623191E542B5B002C9E13 /* RecitationVC.swift */ = {isa = PBXFileReference; fileEncoding = 4; lastKnownFileType = sourcecode.swift; path = RecitationVC.swift; sourceTree = "<group>"; };
		5AE6231B1E542BD3002C9E13 /* Constants.swift */ = {isa = PBXFileReference; fileEncoding = 4; lastKnownFileType = sourcecode.swift; path = Constants.swift; sourceTree = "<group>"; };
		5AE727FD1E605A8E00F78A20 /* CourseCell.swift */ = {isa = PBXFileReference; fileEncoding = 4; lastKnownFileType = sourcecode.swift; path = CourseCell.swift; sourceTree = "<group>"; };
		5AEA66BE1E5C2C9F00F0F863 /* startRecitation.wav */ = {isa = PBXFileReference; lastKnownFileType = audio.wav; path = startRecitation.wav; sourceTree = "<group>"; };
		5AEA66BF1E5C2C9F00F0F863 /* endRecitation.wav */ = {isa = PBXFileReference; lastKnownFileType = audio.wav; path = endRecitation.wav; sourceTree = "<group>"; };
		5AEAC5041E56BD320020BD52 /* courses.plist */ = {isa = PBXFileReference; fileEncoding = 4; lastKnownFileType = text.plist.xml; path = courses.plist; sourceTree = "<group>"; };
		5AF57B371E5B4ADA002D1BE9 /* light.jpg */ = {isa = PBXFileReference; lastKnownFileType = image.jpeg; path = light.jpg; sourceTree = "<group>"; };
		5AF7144B1E6010E0001F6D12 /* ContentDataController.swift */ = {isa = PBXFileReference; fileEncoding = 4; lastKnownFileType = sourcecode.swift; path = ContentDataController.swift; sourceTree = "<group>"; };
		91666ED7BD593CDE88EC5F09 /* Pods-RememberLogos.release.xcconfig */ = {isa = PBXFileReference; includeInIndex = 1; lastKnownFileType = text.xcconfig; name = "Pods-RememberLogos.release.xcconfig"; path = "Pods/Target Support Files/Pods-RememberLogos/Pods-RememberLogos.release.xcconfig"; sourceTree = "<group>"; };
		9498609D2AFC272144397A11 /* Pods-RememberLogos.debug.xcconfig */ = {isa = PBXFileReference; includeInIndex = 1; lastKnownFileType = text.xcconfig; name = "Pods-RememberLogos.debug.xcconfig"; path = "Pods/Target Support Files/Pods-RememberLogos/Pods-RememberLogos.debug.xcconfig"; sourceTree = "<group>"; };
		DB145F6C3874F76FAF304FED /* Pods_RememberLogos.framework */ = {isa = PBXFileReference; explicitFileType = wrapper.framework; includeInIndex = 0; path = Pods_RememberLogos.framework; sourceTree = BUILT_PRODUCTS_DIR; };
/* End PBXFileReference section */

/* Begin PBXFrameworksBuildPhase section */
		5AE622F61E5416F2002C9E13 /* Frameworks */ = {
			isa = PBXFrameworksBuildPhase;
			buildActionMask = 2147483647;
			files = (
				5AE6230F1E541902002C9E13 /* NaverSpeech.framework in Frameworks */,
				2D199216414AF50F5810A678 /* Pods_RememberLogos.framework in Frameworks */,
			);
			runOnlyForDeploymentPostprocessing = 0;
		};
/* End PBXFrameworksBuildPhase section */

/* Begin PBXGroup section */
		08E8EAE94546143F0BF588F0 /* Frameworks */ = {
			isa = PBXGroup;
			children = (
				DB145F6C3874F76FAF304FED /* Pods_RememberLogos.framework */,
			);
			name = Frameworks;
			sourceTree = "<group>";
		};
		5AE622F01E5416F2002C9E13 = {
			isa = PBXGroup;
			children = (
				5AE6230E1E541902002C9E13 /* NaverSpeech.framework */,
				5AE622FB1E5416F2002C9E13 /* RememberLogos */,
				5AE622FA1E5416F2002C9E13 /* Products */,
				61FB0AE0077909B502F0E71F /* Pods */,
				08E8EAE94546143F0BF588F0 /* Frameworks */,
			);
			sourceTree = "<group>";
		};
		5AE622FA1E5416F2002C9E13 /* Products */ = {
			isa = PBXGroup;
			children = (
				5AE622F91E5416F2002C9E13 /* RememberLogos.app */,
			);
			name = Products;
			sourceTree = "<group>";
		};
		5AE622FB1E5416F2002C9E13 /* RememberLogos */ = {
			isa = PBXGroup;
			children = (
				5AF7144D1E60170A001F6D12 /* dataController */,
				5AEAC5031E56BD170020BD52 /* resource */,
				5AE623141E542A5C002C9E13 /* controller */,
				5AE623131E542A58002C9E13 /* model */,
				5AE623121E542A51002C9E13 /* view */,
				5AE622FC1E5416F2002C9E13 /* AppDelegate.swift */,
				5AE623001E5416F2002C9E13 /* Main.storyboard */,
				5AE623031E5416F2002C9E13 /* Assets.xcassets */,
				5AE623051E5416F2002C9E13 /* LaunchScreen.storyboard */,
				5AE623081E5416F2002C9E13 /* Info.plist */,
				5AE6231B1E542BD3002C9E13 /* Constants.swift */,
			);
			path = RememberLogos;
			sourceTree = "<group>";
		};
		5AE623121E542A51002C9E13 /* view */ = {
			isa = PBXGroup;
			children = (
				5AE623171E542AC9002C9E13 /* MessageCell.swift */,
				5AE727FD1E605A8E00F78A20 /* CourseCell.swift */,
			);
			name = view;
			sourceTree = "<group>";
		};
		5AE623131E542A58002C9E13 /* model */ = {
			isa = PBXGroup;
			children = (
				5AE623151E542AA0002C9E13 /* Message.swift */,
				5A9364841E54555E007D8AC4 /* Course.swift */,
				5A4329C41E5DA0B700A849FE /* RecitationResult.swift */,
				5A4329C61E5DA29200A849FE /* MessageResult.swift */,
				5A4329C81E5DA6A800A849FE /* CourseResult.swift */,
			);
			name = model;
			sourceTree = "<group>";
		};
		5AE623141E542A5C002C9E13 /* controller */ = {
			isa = PBXGroup;
			children = (
				5AE623191E542B5B002C9E13 /* RecitationVC.swift */,
				5A9364821E5454DC007D8AC4 /* CourseVC.swift */,
			);
			name = controller;
			sourceTree = "<group>";
		};
		5AEAC5031E56BD170020BD52 /* resource */ = {
			isa = PBXGroup;
			children = (
				5A03625F1E5D250600FBB3D3 /* endCourse.wav */,
				5A0362651E5D28A200FBB3D3 /* noResult.wav */,
				5AEA66BE1E5C2C9F00F0F863 /* startRecitation.wav */,
				5AEA66BF1E5C2C9F00F0F863 /* endRecitation.wav */,
				5A0362611E5D280200FBB3D3 /* result.wav */,
				5AF57B371E5B4ADA002D1BE9 /* light.jpg */,
				5AEAC5041E56BD320020BD52 /* courses.plist */,
			);
			name = resource;
			sourceTree = "<group>";
		};
		5AF7144D1E60170A001F6D12 /* dataController */ = {
			isa = PBXGroup;
			children = (
				5A4329CC1E5DABB900A849FE /* ResultDataController.swift */,
				5AF7144B1E6010E0001F6D12 /* ContentDataController.swift */,
			);
			name = dataController;
			sourceTree = "<group>";
		};
		61FB0AE0077909B502F0E71F /* Pods */ = {
			isa = PBXGroup;
			children = (
				9498609D2AFC272144397A11 /* Pods-RememberLogos.debug.xcconfig */,
				91666ED7BD593CDE88EC5F09 /* Pods-RememberLogos.release.xcconfig */,
			);
			name = Pods;
			sourceTree = "<group>";
		};
/* End PBXGroup section */

/* Begin PBXNativeTarget section */
		5AE622F81E5416F2002C9E13 /* RememberLogos */ = {
			isa = PBXNativeTarget;
			buildConfigurationList = 5AE6230B1E5416F2002C9E13 /* Build configuration list for PBXNativeTarget "RememberLogos" */;
			buildPhases = (
				BCEDC9BEE0D5A4BD17718C0A /* [CP] Check Pods Manifest.lock */,
				5AE622F51E5416F2002C9E13 /* Sources */,
				5AE622F61E5416F2002C9E13 /* Frameworks */,
				5AE622F71E5416F2002C9E13 /* Resources */,
				5AE623111E541902002C9E13 /* Embed Frameworks */,
				AA8C5C2F4BB3772F00D4D4A8 /* [CP] Embed Pods Frameworks */,
				37B3C1170F873252C19F0DFB /* [CP] Copy Pods Resources */,
			);
			buildRules = (
			);
			dependencies = (
			);
			name = RememberLogos;
			productName = RememberLogos;
			productReference = 5AE622F91E5416F2002C9E13 /* RememberLogos.app */;
			productType = "com.apple.product-type.application";
		};
/* End PBXNativeTarget section */

/* Begin PBXProject section */
		5AE622F11E5416F2002C9E13 /* Project object */ = {
			isa = PBXProject;
			attributes = {
				LastSwiftUpdateCheck = 0820;
				LastUpgradeCheck = 0820;
				ORGANIZATIONNAME = "김필환";
				TargetAttributes = {
					5AE622F81E5416F2002C9E13 = {
						CreatedOnToolsVersion = 8.2.1;
						DevelopmentTeam = 7HL472C599;
						ProvisioningStyle = Automatic;
					};
				};
			};
			buildConfigurationList = 5AE622F41E5416F2002C9E13 /* Build configuration list for PBXProject "RememberLogos" */;
			compatibilityVersion = "Xcode 3.2";
			developmentRegion = English;
			hasScannedForEncodings = 0;
			knownRegions = (
				en,
				Base,
			);
			mainGroup = 5AE622F01E5416F2002C9E13;
			productRefGroup = 5AE622FA1E5416F2002C9E13 /* Products */;
			projectDirPath = "";
			projectRoot = "";
			targets = (
				5AE622F81E5416F2002C9E13 /* RememberLogos */,
			);
		};
/* End PBXProject section */

/* Begin PBXResourcesBuildPhase section */
		5AE622F71E5416F2002C9E13 /* Resources */ = {
			isa = PBXResourcesBuildPhase;
			buildActionMask = 2147483647;
			files = (
				5A0362601E5D250600FBB3D3 /* endCourse.wav in Resources */,
				5AE623071E5416F2002C9E13 /* LaunchScreen.storyboard in Resources */,
				5A0362661E5D28A200FBB3D3 /* noResult.wav in Resources */,
				5AE623041E5416F2002C9E13 /* Assets.xcassets in Resources */,
				5AF57B381E5B4ADA002D1BE9 /* light.jpg in Resources */,
				5AE623021E5416F2002C9E13 /* Main.storyboard in Resources */,
				5A0362621E5D280200FBB3D3 /* result.wav in Resources */,
				5AEA66C11E5C2C9F00F0F863 /* endRecitation.wav in Resources */,
				5AEAC5051E56BD320020BD52 /* courses.plist in Resources */,
				5AEA66C01E5C2C9F00F0F863 /* startRecitation.wav in Resources */,
			);
			runOnlyForDeploymentPostprocessing = 0;
		};
/* End PBXResourcesBuildPhase section */

/* Begin PBXShellScriptBuildPhase section */
		37B3C1170F873252C19F0DFB /* [CP] Copy Pods Resources */ = {
			isa = PBXShellScriptBuildPhase;
			buildActionMask = 2147483647;
			files = (
			);
			inputPaths = (
			);
			name = "[CP] Copy Pods Resources";
			outputPaths = (
			);
			runOnlyForDeploymentPostprocessing = 0;
			shellPath = /bin/sh;
			shellScript = "\"${SRCROOT}/Pods/Target Support Files/Pods-RememberLogos/Pods-RememberLogos-resources.sh\"\n";
			showEnvVarsInLog = 0;
		};
		AA8C5C2F4BB3772F00D4D4A8 /* [CP] Embed Pods Frameworks */ = {
			isa = PBXShellScriptBuildPhase;
			buildActionMask = 2147483647;
			files = (
			);
			inputPaths = (
			);
			name = "[CP] Embed Pods Frameworks";
			outputPaths = (
			);
			runOnlyForDeploymentPostprocessing = 0;
			shellPath = /bin/sh;
			shellScript = "\"${SRCROOT}/Pods/Target Support Files/Pods-RememberLogos/Pods-RememberLogos-frameworks.sh\"\n";
			showEnvVarsInLog = 0;
		};
		BCEDC9BEE0D5A4BD17718C0A /* [CP] Check Pods Manifest.lock */ = {
			isa = PBXShellScriptBuildPhase;
			buildActionMask = 2147483647;
			files = (
			);
			inputPaths = (
			);
			name = "[CP] Check Pods Manifest.lock";
			outputPaths = (
			);
			runOnlyForDeploymentPostprocessing = 0;
			shellPath = /bin/sh;
			shellScript = "diff \"${PODS_ROOT}/../Podfile.lock\" \"${PODS_ROOT}/Manifest.lock\" > /dev/null\nif [ $? != 0 ] ; then\n    # print error to STDERR\n    echo \"error: The sandbox is not in sync with the Podfile.lock. Run 'pod install' or update your CocoaPods installation.\" >&2\n    exit 1\nfi\n";
			showEnvVarsInLog = 0;
		};
/* End PBXShellScriptBuildPhase section */

/* Begin PBXSourcesBuildPhase section */
		5AE622F51E5416F2002C9E13 /* Sources */ = {
			isa = PBXSourcesBuildPhase;
			buildActionMask = 2147483647;
			files = (
				5AE6231A1E542B5B002C9E13 /* RecitationVC.swift in Sources */,
				5A9364851E54555E007D8AC4 /* Course.swift in Sources */,
				5A4329CD1E5DABB900A849FE /* ResultDataController.swift in Sources */,
				5A4329C51E5DA0B700A849FE /* RecitationResult.swift in Sources */,
				5AE727FE1E605A8E00F78A20 /* CourseCell.swift in Sources */,
				5A4329C91E5DA6A800A849FE /* CourseResult.swift in Sources */,
				5A9364831E5454DC007D8AC4 /* CourseVC.swift in Sources */,
				5AE623161E542AA0002C9E13 /* Message.swift in Sources */,
				5AE623181E542AC9002C9E13 /* MessageCell.swift in Sources */,
				5AE622FD1E5416F2002C9E13 /* AppDelegate.swift in Sources */,
				5A4329C71E5DA29200A849FE /* MessageResult.swift in Sources */,
				5AE6231C1E542BD3002C9E13 /* Constants.swift in Sources */,
				5AF7144C1E6010E0001F6D12 /* ContentDataController.swift in Sources */,
			);
			runOnlyForDeploymentPostprocessing = 0;
		};
/* End PBXSourcesBuildPhase section */

/* Begin PBXVariantGroup section */
		5AE623001E5416F2002C9E13 /* Main.storyboard */ = {
			isa = PBXVariantGroup;
			children = (
				5AE623011E5416F2002C9E13 /* Base */,
			);
			name = Main.storyboard;
			sourceTree = "<group>";
		};
		5AE623051E5416F2002C9E13 /* LaunchScreen.storyboard */ = {
			isa = PBXVariantGroup;
			children = (
				5AE623061E5416F2002C9E13 /* Base */,
			);
			name = LaunchScreen.storyboard;
			sourceTree = "<group>";
		};
/* End PBXVariantGroup section */

/* Begin XCBuildConfiguration section */
		5AE623091E5416F2002C9E13 /* Debug */ = {
			isa = XCBuildConfiguration;
			buildSettings = {
				ALWAYS_SEARCH_USER_PATHS = NO;
				CLANG_ANALYZER_NONNULL = YES;
				CLANG_CXX_LANGUAGE_STANDARD = "gnu++0x";
				CLANG_CXX_LIBRARY = "libc++";
				CLANG_ENABLE_MODULES = YES;
				CLANG_ENABLE_OBJC_ARC = YES;
				CLANG_WARN_BOOL_CONVERSION = YES;
				CLANG_WARN_CONSTANT_CONVERSION = YES;
				CLANG_WARN_DIRECT_OBJC_ISA_USAGE = YES_ERROR;
				CLANG_WARN_DOCUMENTATION_COMMENTS = YES;
				CLANG_WARN_EMPTY_BODY = YES;
				CLANG_WARN_ENUM_CONVERSION = YES;
				CLANG_WARN_INFINITE_RECURSION = YES;
				CLANG_WARN_INT_CONVERSION = YES;
				CLANG_WARN_OBJC_ROOT_CLASS = YES_ERROR;
				CLANG_WARN_SUSPICIOUS_MOVE = YES;
				CLANG_WARN_UNREACHABLE_CODE = YES;
				CLANG_WARN__DUPLICATE_METHOD_MATCH = YES;
				"CODE_SIGN_IDENTITY[sdk=iphoneos*]" = "iPhone Developer";
				COPY_PHASE_STRIP = NO;
				DEBUG_INFORMATION_FORMAT = dwarf;
				ENABLE_STRICT_OBJC_MSGSEND = YES;
				ENABLE_TESTABILITY = YES;
				GCC_C_LANGUAGE_STANDARD = gnu99;
				GCC_DYNAMIC_NO_PIC = NO;
				GCC_NO_COMMON_BLOCKS = YES;
				GCC_OPTIMIZATION_LEVEL = 0;
				GCC_PREPROCESSOR_DEFINITIONS = (
					"DEBUG=1",
					"$(inherited)",
				);
				GCC_WARN_64_TO_32_BIT_CONVERSION = YES;
				GCC_WARN_ABOUT_RETURN_TYPE = YES_ERROR;
				GCC_WARN_UNDECLARED_SELECTOR = YES;
				GCC_WARN_UNINITIALIZED_AUTOS = YES_AGGRESSIVE;
				GCC_WARN_UNUSED_FUNCTION = YES;
				GCC_WARN_UNUSED_VARIABLE = YES;
				IPHONEOS_DEPLOYMENT_TARGET = 10.2;
				MTL_ENABLE_DEBUG_INFO = YES;
				ONLY_ACTIVE_ARCH = YES;
				SDKROOT = iphoneos;
				SWIFT_ACTIVE_COMPILATION_CONDITIONS = DEBUG;
				SWIFT_OPTIMIZATION_LEVEL = "-Onone";
				TARGETED_DEVICE_FAMILY = "1,2";
			};
			name = Debug;
		};
		5AE6230A1E5416F2002C9E13 /* Release */ = {
			isa = XCBuildConfiguration;
			buildSettings = {
				ALWAYS_SEARCH_USER_PATHS = NO;
				CLANG_ANALYZER_NONNULL = YES;
				CLANG_CXX_LANGUAGE_STANDARD = "gnu++0x";
				CLANG_CXX_LIBRARY = "libc++";
				CLANG_ENABLE_MODULES = YES;
				CLANG_ENABLE_OBJC_ARC = YES;
				CLANG_WARN_BOOL_CONVERSION = YES;
				CLANG_WARN_CONSTANT_CONVERSION = YES;
				CLANG_WARN_DIRECT_OBJC_ISA_USAGE = YES_ERROR;
				CLANG_WARN_DOCUMENTATION_COMMENTS = YES;
				CLANG_WARN_EMPTY_BODY = YES;
				CLANG_WARN_ENUM_CONVERSION = YES;
				CLANG_WARN_INFINITE_RECURSION = YES;
				CLANG_WARN_INT_CONVERSION = YES;
				CLANG_WARN_OBJC_ROOT_CLASS = YES_ERROR;
				CLANG_WARN_SUSPICIOUS_MOVE = YES;
				CLANG_WARN_UNREACHABLE_CODE = YES;
				CLANG_WARN__DUPLICATE_METHOD_MATCH = YES;
				"CODE_SIGN_IDENTITY[sdk=iphoneos*]" = "iPhone Developer";
				COPY_PHASE_STRIP = NO;
				DEBUG_INFORMATION_FORMAT = "dwarf-with-dsym";
				ENABLE_NS_ASSERTIONS = NO;
				ENABLE_STRICT_OBJC_MSGSEND = YES;
				GCC_C_LANGUAGE_STANDARD = gnu99;
				GCC_NO_COMMON_BLOCKS = YES;
				GCC_WARN_64_TO_32_BIT_CONVERSION = YES;
				GCC_WARN_ABOUT_RETURN_TYPE = YES_ERROR;
				GCC_WARN_UNDECLARED_SELECTOR = YES;
				GCC_WARN_UNINITIALIZED_AUTOS = YES_AGGRESSIVE;
				GCC_WARN_UNUSED_FUNCTION = YES;
				GCC_WARN_UNUSED_VARIABLE = YES;
				IPHONEOS_DEPLOYMENT_TARGET = 10.2;
				MTL_ENABLE_DEBUG_INFO = NO;
				SDKROOT = iphoneos;
				SWIFT_OPTIMIZATION_LEVEL = "-Owholemodule";
				TARGETED_DEVICE_FAMILY = "1,2";
				VALIDATE_PRODUCT = YES;
			};
			name = Release;
		};
		5AE6230C1E5416F2002C9E13 /* Debug */ = {
			isa = XCBuildConfiguration;
			baseConfigurationReference = 9498609D2AFC272144397A11 /* Pods-RememberLogos.debug.xcconfig */;
			buildSettings = {
				ASSETCATALOG_COMPILER_APPICON_NAME = AppIcon;
				DEVELOPMENT_TEAM = 7HL472C599;
				FRAMEWORK_SEARCH_PATHS = (
					"$(inherited)",
					"$(PROJECT_DIR)",
				);
				INFOPLIST_FILE = RememberLogos/Info.plist;
				LD_RUNPATH_SEARCH_PATHS = "$(inherited) @executable_path/Frameworks";
				PRODUCT_BUNDLE_IDENTIFIER = com.leonKim.RememberLogos;
				PRODUCT_NAME = "$(TARGET_NAME)";
				SWIFT_VERSION = 3.0;
			};
			name = Debug;
		};
		5AE6230D1E5416F2002C9E13 /* Release */ = {
			isa = XCBuildConfiguration;
			baseConfigurationReference = 91666ED7BD593CDE88EC5F09 /* Pods-RememberLogos.release.xcconfig */;
			buildSettings = {
				ASSETCATALOG_COMPILER_APPICON_NAME = AppIcon;
				DEVELOPMENT_TEAM = 7HL472C599;
				FRAMEWORK_SEARCH_PATHS = (
					"$(inherited)",
					"$(PROJECT_DIR)",
				);
				INFOPLIST_FILE = RememberLogos/Info.plist;
				LD_RUNPATH_SEARCH_PATHS = "$(inherited) @executable_path/Frameworks";
				PRODUCT_BUNDLE_IDENTIFIER = com.leonKim.RememberLogos;
				PRODUCT_NAME = "$(TARGET_NAME)";
				SWIFT_VERSION = 3.0;
			};
			name = Release;
		};
/* End XCBuildConfiguration section */

/* Begin XCConfigurationList section */
		5AE622F41E5416F2002C9E13 /* Build configuration list for PBXProject "RememberLogos" */ = {
			isa = XCConfigurationList;
			buildConfigurations = (
				5AE623091E5416F2002C9E13 /* Debug */,
				5AE6230A1E5416F2002C9E13 /* Release */,
			);
			defaultConfigurationIsVisible = 0;
			defaultConfigurationName = Release;
		};
		5AE6230B1E5416F2002C9E13 /* Build configuration list for PBXNativeTarget "RememberLogos" */ = {
			isa = XCConfigurationList;
			buildConfigurations = (
				5AE6230C1E5416F2002C9E13 /* Debug */,
				5AE6230D1E5416F2002C9E13 /* Release */,
			);
			defaultConfigurationIsVisible = 0;
			defaultConfigurationName = Release;
		};
/* End XCConfigurationList section */
	};
	rootObject = 5AE622F11E5416F2002C9E13 /* Project object */;
}
